
Microsoft Visual Studio Solution File, Format Version 12.00
# Visual Studio 15
VisualStudioVersion = 15.0.28010.2003
MinimumVisualStudioVersion = 10.0.40219.1
Project("{FAE04EC0-301F-11D3-BF4B-00C04F79EFBC}") = "SecureConnections.Android", "SecureConnections\SecureConnections.Android\SecureConnections.Android.csproj", "{12C0F957-5D66-4614-B499-F006A05FEEBF}"
EndProject
Project("{FAE04EC0-301F-11D3-BF4B-00C04F79EFBC}") = "SecureConnections.iOS", "SecureConnections\SecureConnections.iOS\SecureConnections.iOS.csproj", "{379B199F-8018-4CFD-989F-1CAD51FFE413}"
EndProject
Project("{FAE04EC0-301F-11D3-BF4B-00C04F79EFBC}") = "SecureConnections.UWP", "SecureConnections\SecureConnections.UWP\SecureConnections.UWP.csproj", "{D29B987F-CA4C-439A-A680-D5D3DFDEBC20}"
EndProject
Project("{FAE04EC0-301F-11D3-BF4B-00C04F79EFBC}") = "SecureConnections", "SecureConnections\SecureConnections\SecureConnections.csproj", "{E5AE5DF4-E934-4B8D-8224-A4A6E1EBBD82}"
EndProject
Global
	GlobalSection(SolutionConfigurationPlatforms) = preSolution
		Ad-Hoc|Any CPU = Ad-Hoc|Any CPU
		Ad-Hoc|ARM = Ad-Hoc|ARM
		Ad-Hoc|iPhone = Ad-Hoc|iPhone
		Ad-Hoc|iPhoneSimulator = Ad-Hoc|iPhoneSimulator
		Ad-Hoc|x64 = Ad-Hoc|x64
		Ad-Hoc|x86 = Ad-Hoc|x86
		AppStore|Any CPU = AppStore|Any CPU
		AppStore|ARM = AppStore|ARM
		AppStore|iPhone = AppStore|iPhone
		AppStore|iPhoneSimulator = AppStore|iPhoneSimulator
		AppStore|x64 = AppStore|x64
		AppStore|x86 = AppStore|x86
		Debug|Any CPU = Debug|Any CPU
		Debug|ARM = Debug|ARM
		Debug|iPhone = Debug|iPhone
		Debug|iPhoneSimulator = Debug|iPhoneSimulator
		Debug|x64 = Debug|x64
		Debug|x86 = Debug|x86
		Release|Any CPU = Release|Any CPU
		Release|ARM = Release|ARM
		Release|iPhone = Release|iPhone
		Release|iPhoneSimulator = Release|iPhoneSimulator
		Release|x64 = Release|x64
		Release|x86 = Release|x86
	EndGlobalSection
	GlobalSection(ProjectConfigurationPlatforms) = postSolution
		{12C0F957-5D66-4614-B499-F006A05FEEBF}.Ad-Hoc|Any CPU.ActiveCfg = Release|Any CPU
		{12C0F957-5D66-4614-B499-F006A05FEEBF}.Ad-Hoc|Any CPU.Build.0 = Release|Any CPU
		{12C0F957-5D66-4614-B499-F006A05FEEBF}.Ad-Hoc|Any CPU.Deploy.0 = Release|Any CPU
		{12C0F957-5D66-4614-B499-F006A05FEEBF}.Ad-Hoc|ARM.ActiveCfg = Release|Any CPU
		{12C0F957-5D66-4614-B499-F006A05FEEBF}.Ad-Hoc|ARM.Build.0 = Release|Any CPU
		{12C0F957-5D66-4614-B499-F006A05FEEBF}.Ad-Hoc|ARM.Deploy.0 = Release|Any CPU
		{12C0F957-5D66-4614-B499-F006A05FEEBF}.Ad-Hoc|iPhone.ActiveCfg = Release|Any CPU
		{12C0F957-5D66-4614-B499-F006A05FEEBF}.Ad-Hoc|iPhone.Build.0 = Release|Any CPU
		{12C0F957-5D66-4614-B499-F006A05FEEBF}.Ad-Hoc|iPhone.Deploy.0 = Release|Any CPU
		{12C0F957-5D66-4614-B499-F006A05FEEBF}.Ad-Hoc|iPhoneSimulator.ActiveCfg = Release|Any CPU
		{12C0F957-5D66-4614-B499-F006A05FEEBF}.Ad-Hoc|iPhoneSimulator.Build.0 = Release|Any CPU
		{12C0F957-5D66-4614-B499-F006A05FEEBF}.Ad-Hoc|iPhoneSimulator.Deploy.0 = Release|Any CPU
		{12C0F957-5D66-4614-B499-F006A05FEEBF}.Ad-Hoc|x64.ActiveCfg = Release|Any CPU
		{12C0F957-5D66-4614-B499-F006A05FEEBF}.Ad-Hoc|x64.Build.0 = Release|Any CPU
		{12C0F957-5D66-4614-B499-F006A05FEEBF}.Ad-Hoc|x64.Deploy.0 = Release|Any CPU
		{12C0F957-5D66-4614-B499-F006A05FEEBF}.Ad-Hoc|x86.ActiveCfg = Release|Any CPU
		{12C0F957-5D66-4614-B499-F006A05FEEBF}.Ad-Hoc|x86.Build.0 = Release|Any CPU
		{12C0F957-5D66-4614-B499-F006A05FEEBF}.Ad-Hoc|x86.Deploy.0 = Release|Any CPU
		{12C0F957-5D66-4614-B499-F006A05FEEBF}.AppStore|Any CPU.ActiveCfg = Release|Any CPU
		{12C0F957-5D66-4614-B499-F006A05FEEBF}.AppStore|Any CPU.Build.0 = Release|Any CPU
		{12C0F957-5D66-4614-B499-F006A05FEEBF}.AppStore|Any CPU.Deploy.0 = Release|Any CPU
		{12C0F957-5D66-4614-B499-F006A05FEEBF}.AppStore|ARM.ActiveCfg = Release|Any CPU
		{12C0F957-5D66-4614-B499-F006A05FEEBF}.AppStore|ARM.Build.0 = Release|Any CPU
		{12C0F957-5D66-4614-B499-F006A05FEEBF}.AppStore|ARM.Deploy.0 = Release|Any CPU
		{12C0F957-5D66-4614-B499-F006A05FEEBF}.AppStore|iPhone.ActiveCfg = Release|Any CPU
		{12C0F957-5D66-4614-B499-F006A05FEEBF}.AppStore|iPhone.Build.0 = Release|Any CPU
		{12C0F957-5D66-4614-B499-F006A05FEEBF}.AppStore|iPhone.Deploy.0 = Release|Any CPU
		{12C0F957-5D66-4614-B499-F006A05FEEBF}.AppStore|iPhoneSimulator.ActiveCfg = Release|Any CPU
		{12C0F957-5D66-4614-B499-F006A05FEEBF}.AppStore|iPhoneSimulator.Build.0 = Release|Any CPU
		{12C0F957-5D66-4614-B499-F006A05FEEBF}.AppStore|iPhoneSimulator.Deploy.0 = Release|Any CPU
		{12C0F957-5D66-4614-B499-F006A05FEEBF}.AppStore|x64.ActiveCfg = Release|Any CPU
		{12C0F957-5D66-4614-B499-F006A05FEEBF}.AppStore|x64.Build.0 = Release|Any CPU
		{12C0F957-5D66-4614-B499-F006A05FEEBF}.AppStore|x64.Deploy.0 = Release|Any CPU
		{12C0F957-5D66-4614-B499-F006A05FEEBF}.AppStore|x86.ActiveCfg = Release|Any CPU
		{12C0F957-5D66-4614-B499-F006A05FEEBF}.AppStore|x86.Build.0 = Release|Any CPU
		{12C0F957-5D66-4614-B499-F006A05FEEBF}.AppStore|x86.Deploy.0 = Release|Any CPU
		{12C0F957-5D66-4614-B499-F006A05FEEBF}.Debug|Any CPU.ActiveCfg = Debug|Any CPU
		{12C0F957-5D66-4614-B499-F006A05FEEBF}.Debug|Any CPU.Build.0 = Debug|Any CPU
		{12C0F957-5D66-4614-B499-F006A05FEEBF}.Debug|Any CPU.Deploy.0 = Debug|Any CPU
		{12C0F957-5D66-4614-B499-F006A05FEEBF}.Debug|ARM.ActiveCfg = Debug|Any CPU
		{12C0F957-5D66-4614-B499-F006A05FEEBF}.Debug|ARM.Build.0 = Debug|Any CPU
		{12C0F957-5D66-4614-B499-F006A05FEEBF}.Debug|ARM.Deploy.0 = Debug|Any CPU
		{12C0F957-5D66-4614-B499-F006A05FEEBF}.Debug|iPhone.ActiveCfg = Debug|Any CPU
		{12C0F957-5D66-4614-B499-F006A05FEEBF}.Debug|iPhone.Build.0 = Debug|Any CPU
		{12C0F957-5D66-4614-B499-F006A05FEEBF}.Debug|iPhone.Deploy.0 = Debug|Any CPU
		{12C0F957-5D66-4614-B499-F006A05FEEBF}.Debug|iPhoneSimulator.ActiveCfg = Debug|Any CPU
		{12C0F957-5D66-4614-B499-F006A05FEEBF}.Debug|iPhoneSimulator.Build.0 = Debug|Any CPU
		{12C0F957-5D66-4614-B499-F006A05FEEBF}.Debug|iPhoneSimulator.Deploy.0 = Debug|Any CPU
		{12C0F957-5D66-4614-B499-F006A05FEEBF}.Debug|x64.ActiveCfg = Debug|Any CPU
		{12C0F957-5D66-4614-B499-F006A05FEEBF}.Debug|x64.Build.0 = Debug|Any CPU
		{12C0F957-5D66-4614-B499-F006A05FEEBF}.Debug|x64.Deploy.0 = Debug|Any CPU
		{12C0F957-5D66-4614-B499-F006A05FEEBF}.Debug|x86.ActiveCfg = Debug|Any CPU
		{12C0F957-5D66-4614-B499-F006A05FEEBF}.Debug|x86.Build.0 = Debug|Any CPU
		{12C0F957-5D66-4614-B499-F006A05FEEBF}.Debug|x86.Deploy.0 = Debug|Any CPU
		{12C0F957-5D66-4614-B499-F006A05FEEBF}.Release|Any CPU.ActiveCfg = Release|Any CPU
		{12C0F957-5D66-4614-B499-F006A05FEEBF}.Release|Any CPU.Build.0 = Release|Any CPU
		{12C0F957-5D66-4614-B499-F006A05FEEBF}.Release|Any CPU.Deploy.0 = Release|Any CPU
		{12C0F957-5D66-4614-B499-F006A05FEEBF}.Release|ARM.ActiveCfg = Release|Any CPU
		{12C0F957-5D66-4614-B499-F006A05FEEBF}.Release|ARM.Build.0 = Release|Any CPU
		{12C0F957-5D66-4614-B499-F006A05FEEBF}.Release|ARM.Deploy.0 = Release|Any CPU
		{12C0F957-5D66-4614-B499-F006A05FEEBF}.Release|iPhone.ActiveCfg = Release|Any CPU
		{12C0F957-5D66-4614-B499-F006A05FEEBF}.Release|iPhone.Build.0 = Release|Any CPU
		{12C0F957-5D66-4614-B499-F006A05FEEBF}.Release|iPhone.Deploy.0 = Release|Any CPU
		{12C0F957-5D66-4614-B499-F006A05FEEBF}.Release|iPhoneSimulator.ActiveCfg = Release|Any CPU
		{12C0F957-5D66-4614-B499-F006A05FEEBF}.Release|iPhoneSimulator.Build.0 = Release|Any CPU
		{12C0F957-5D66-4614-B499-F006A05FEEBF}.Release|iPhoneSimulator.Deploy.0 = Release|Any CPU
		{12C0F957-5D66-4614-B499-F006A05FEEBF}.Release|x64.ActiveCfg = Release|Any CPU
		{12C0F957-5D66-4614-B499-F006A05FEEBF}.Release|x64.Build.0 = Release|Any CPU
		{12C0F957-5D66-4614-B499-F006A05FEEBF}.Release|x64.Deploy.0 = Release|Any CPU
		{12C0F957-5D66-4614-B499-F006A05FEEBF}.Release|x86.ActiveCfg = Release|Any CPU
		{12C0F957-5D66-4614-B499-F006A05FEEBF}.Release|x86.Build.0 = Release|Any CPU
		{12C0F957-5D66-4614-B499-F006A05FEEBF}.Release|x86.Deploy.0 = Release|Any CPU
		{379B199F-8018-4CFD-989F-1CAD51FFE413}.Ad-Hoc|Any CPU.ActiveCfg = Ad-Hoc|iPhone
		{379B199F-8018-4CFD-989F-1CAD51FFE413}.Ad-Hoc|Any CPU.Build.0 = Ad-Hoc|iPhone
		{379B199F-8018-4CFD-989F-1CAD51FFE413}.Ad-Hoc|Any CPU.Deploy.0 = Ad-Hoc|iPhone
		{379B199F-8018-4CFD-989F-1CAD51FFE413}.Ad-Hoc|ARM.ActiveCfg = Ad-Hoc|iPhone
		{379B199F-8018-4CFD-989F-1CAD51FFE413}.Ad-Hoc|ARM.Build.0 = Ad-Hoc|iPhone
		{379B199F-8018-4CFD-989F-1CAD51FFE413}.Ad-Hoc|ARM.Deploy.0 = Ad-Hoc|iPhone
		{379B199F-8018-4CFD-989F-1CAD51FFE413}.Ad-Hoc|iPhone.ActiveCfg = Ad-Hoc|iPhone
		{379B199F-8018-4CFD-989F-1CAD51FFE413}.Ad-Hoc|iPhone.Build.0 = Ad-Hoc|iPhone
		{379B199F-8018-4CFD-989F-1CAD51FFE413}.Ad-Hoc|iPhone.Deploy.0 = Ad-Hoc|iPhone
		{379B199F-8018-4CFD-989F-1CAD51FFE413}.Ad-Hoc|iPhoneSimulator.ActiveCfg = Ad-Hoc|iPhoneSimulator
		{379B199F-8018-4CFD-989F-1CAD51FFE413}.Ad-Hoc|iPhoneSimulator.Build.0 = Ad-Hoc|iPhoneSimulator
		{379B199F-8018-4CFD-989F-1CAD51FFE413}.Ad-Hoc|iPhoneSimulator.Deploy.0 = Ad-Hoc|iPhoneSimulator
		{379B199F-8018-4CFD-989F-1CAD51FFE413}.Ad-Hoc|x64.ActiveCfg = Ad-Hoc|iPhone
		{379B199F-8018-4CFD-989F-1CAD51FFE413}.Ad-Hoc|x64.Build.0 = Ad-Hoc|iPhone
		{379B199F-8018-4CFD-989F-1CAD51FFE413}.Ad-Hoc|x64.Deploy.0 = Ad-Hoc|iPhone
		{379B199F-8018-4CFD-989F-1CAD51FFE413}.Ad-Hoc|x86.ActiveCfg = Ad-Hoc|iPhone
		{379B199F-8018-4CFD-989F-1CAD51FFE413}.Ad-Hoc|x86.Build.0 = Ad-Hoc|iPhone
		{379B199F-8018-4CFD-989F-1CAD51FFE413}.Ad-Hoc|x86.Deploy.0 = Ad-Hoc|iPhone
		{379B199F-8018-4CFD-989F-1CAD51FFE413}.AppStore|Any CPU.ActiveCfg = AppStore|iPhone
		{379B199F-8018-4CFD-989F-1CAD51FFE413}.AppStore|Any CPU.Build.0 = AppStore|iPhone
		{379B199F-8018-4CFD-989F-1CAD51FFE413}.AppStore|Any CPU.Deploy.0 = AppStore|iPhone
		{379B199F-8018-4CFD-989F-1CAD51FFE413}.AppStore|ARM.ActiveCfg = AppStore|iPhone
		{379B199F-8018-4CFD-989F-1CAD51FFE413}.AppStore|ARM.Build.0 = AppStore|iPhone
		{379B199F-8018-4CFD-989F-1CAD51FFE413}.AppStore|ARM.Deploy.0 = AppStore|iPhone
		{379B199F-8018-4CFD-989F-1CAD51FFE413}.AppStore|iPhone.ActiveCfg = AppStore|iPhone
		{379B199F-8018-4CFD-989F-1CAD51FFE413}.AppStore|iPhone.Build.0 = AppStore|iPhone
		{379B199F-8018-4CFD-989F-1CAD51FFE413}.AppStore|iPhone.Deploy.0 = AppStore|iPhone
		{379B199F-8018-4CFD-989F-1CAD51FFE413}.AppStore|iPhoneSimulator.ActiveCfg = AppStore|iPhoneSimulator
		{379B199F-8018-4CFD-989F-1CAD51FFE413}.AppStore|iPhoneSimulator.Build.0 = AppStore|iPhoneSimulator
		{379B199F-8018-4CFD-989F-1CAD51FFE413}.AppStore|iPhoneSimulator.Deploy.0 = AppStore|iPhoneSimulator
		{379B199F-8018-4CFD-989F-1CAD51FFE413}.AppStore|x64.ActiveCfg = AppStore|iPhone
		{379B199F-8018-4CFD-989F-1CAD51FFE413}.AppStore|x64.Build.0 = AppStore|iPhone
		{379B199F-8018-4CFD-989F-1CAD51FFE413}.AppStore|x64.Deploy.0 = AppStore|iPhone
		{379B199F-8018-4CFD-989F-1CAD51FFE413}.AppStore|x86.ActiveCfg = AppStore|iPhone
		{379B199F-8018-4CFD-989F-1CAD51FFE413}.AppStore|x86.Build.0 = AppStore|iPhone
		{379B199F-8018-4CFD-989F-1CAD51FFE413}.AppStore|x86.Deploy.0 = AppStore|iPhone
		{379B199F-8018-4CFD-989F-1CAD51FFE413}.Debug|Any CPU.ActiveCfg = Debug|iPhoneSimulator
		{379B199F-8018-4CFD-989F-1CAD51FFE413}.Debug|Any CPU.Build.0 = Debug|iPhoneSimulator
		{379B199F-8018-4CFD-989F-1CAD51FFE413}.Debug|Any CPU.Deploy.0 = Debug|iPhoneSimulator
		{379B199F-8018-4CFD-989F-1CAD51FFE413}.Debug|ARM.ActiveCfg = Debug|iPhone
		{379B199F-8018-4CFD-989F-1CAD51FFE413}.Debug|ARM.Build.0 = Debug|iPhone
		{379B199F-8018-4CFD-989F-1CAD51FFE413}.Debug|ARM.Deploy.0 = Debug|iPhone
		{379B199F-8018-4CFD-989F-1CAD51FFE413}.Debug|iPhone.ActiveCfg = Debug|iPhone
		{379B199F-8018-4CFD-989F-1CAD51FFE413}.Debug|iPhone.Build.0 = Debug|iPhone
		{379B199F-8018-4CFD-989F-1CAD51FFE413}.Debug|iPhone.Deploy.0 = Debug|iPhone
		{379B199F-8018-4CFD-989F-1CAD51FFE413}.Debug|iPhoneSimulator.ActiveCfg = Debug|iPhoneSimulator
		{379B199F-8018-4CFD-989F-1CAD51FFE413}.Debug|iPhoneSimulator.Build.0 = Debug|iPhoneSimulator
		{379B199F-8018-4CFD-989F-1CAD51FFE413}.Debug|iPhoneSimulator.Deploy.0 = Debug|iPhoneSimulator
		{379B199F-8018-4CFD-989F-1CAD51FFE413}.Debug|x64.ActiveCfg = Debug|iPhone
		{379B199F-8018-4CFD-989F-1CAD51FFE413}.Debug|x64.Build.0 = Debug|iPhone
		{379B199F-8018-4CFD-989F-1CAD51FFE413}.Debug|x64.Deploy.0 = Debug|iPhone
		{379B199F-8018-4CFD-989F-1CAD51FFE413}.Debug|x86.ActiveCfg = Debug|iPhone
		{379B199F-8018-4CFD-989F-1CAD51FFE413}.Debug|x86.Build.0 = Debug|iPhone
		{379B199F-8018-4CFD-989F-1CAD51FFE413}.Debug|x86.Deploy.0 = Debug|iPhone
		{379B199F-8018-4CFD-989F-1CAD51FFE413}.Release|Any CPU.ActiveCfg = Release|iPhone
		{379B199F-8018-4CFD-989F-1CAD51FFE413}.Release|Any CPU.Build.0 = Release|iPhone
		{379B199F-8018-4CFD-989F-1CAD51FFE413}.Release|Any CPU.Deploy.0 = Release|iPhone
		{379B199F-8018-4CFD-989F-1CAD51FFE413}.Release|ARM.ActiveCfg = Release|iPhone
		{379B199F-8018-4CFD-989F-1CAD51FFE413}.Release|ARM.Build.0 = Release|iPhone
		{379B199F-8018-4CFD-989F-1CAD51FFE413}.Release|ARM.Deploy.0 = Release|iPhone
		{379B199F-8018-4CFD-989F-1CAD51FFE413}.Release|iPhone.ActiveCfg = Release|iPhone
		{379B199F-8018-4CFD-989F-1CAD51FFE413}.Release|iPhone.Build.0 = Release|iPhone
		{379B199F-8018-4CFD-989F-1CAD51FFE413}.Release|iPhone.Deploy.0 = Release|iPhone
		{379B199F-8018-4CFD-989F-1CAD51FFE413}.Release|iPhoneSimulator.ActiveCfg = Release|iPhoneSimulator
		{379B199F-8018-4CFD-989F-1CAD51FFE413}.Release|iPhoneSimulator.Build.0 = Release|iPhoneSimulator
		{379B199F-8018-4CFD-989F-1CAD51FFE413}.Release|iPhoneSimulator.Deploy.0 = Release|iPhoneSimulator
		{379B199F-8018-4CFD-989F-1CAD51FFE413}.Release|x64.ActiveCfg = Release|iPhone
		{379B199F-8018-4CFD-989F-1CAD51FFE413}.Release|x64.Build.0 = Release|iPhone
		{379B199F-8018-4CFD-989F-1CAD51FFE413}.Release|x64.Deploy.0 = Release|iPhone
		{379B199F-8018-4CFD-989F-1CAD51FFE413}.Release|x86.ActiveCfg = Release|iPhone
		{379B199F-8018-4CFD-989F-1CAD51FFE413}.Release|x86.Build.0 = Release|iPhone
		{379B199F-8018-4CFD-989F-1CAD51FFE413}.Release|x86.Deploy.0 = Release|iPhone
		{D29B987F-CA4C-439A-A680-D5D3DFDEBC20}.Ad-Hoc|Any CPU.ActiveCfg = Release|x86
		{D29B987F-CA4C-439A-A680-D5D3DFDEBC20}.Ad-Hoc|Any CPU.Build.0 = Release|x86
		{D29B987F-CA4C-439A-A680-D5D3DFDEBC20}.Ad-Hoc|Any CPU.Deploy.0 = Release|x86
		{D29B987F-CA4C-439A-A680-D5D3DFDEBC20}.Ad-Hoc|ARM.ActiveCfg = Release|ARM
		{D29B987F-CA4C-439A-A680-D5D3DFDEBC20}.Ad-Hoc|ARM.Build.0 = Release|ARM
		{D29B987F-CA4C-439A-A680-D5D3DFDEBC20}.Ad-Hoc|ARM.Deploy.0 = Release|ARM
		{D29B987F-CA4C-439A-A680-D5D3DFDEBC20}.Ad-Hoc|iPhone.ActiveCfg = Release|x86
		{D29B987F-CA4C-439A-A680-D5D3DFDEBC20}.Ad-Hoc|iPhone.Build.0 = Release|x86
		{D29B987F-CA4C-439A-A680-D5D3DFDEBC20}.Ad-Hoc|iPhone.Deploy.0 = Release|x86
		{D29B987F-CA4C-439A-A680-D5D3DFDEBC20}.Ad-Hoc|iPhoneSimulator.ActiveCfg = Release|x86
		{D29B987F-CA4C-439A-A680-D5D3DFDEBC20}.Ad-Hoc|iPhoneSimulator.Build.0 = Release|x86
		{D29B987F-CA4C-439A-A680-D5D3DFDEBC20}.Ad-Hoc|iPhoneSimulator.Deploy.0 = Release|x86
		{D29B987F-CA4C-439A-A680-D5D3DFDEBC20}.Ad-Hoc|x64.ActiveCfg = Release|x64
		{D29B987F-CA4C-439A-A680-D5D3DFDEBC20}.Ad-Hoc|x64.Build.0 = Release|x64
		{D29B987F-CA4C-439A-A680-D5D3DFDEBC20}.Ad-Hoc|x64.Deploy.0 = Release|x64
		{D29B987F-CA4C-439A-A680-D5D3DFDEBC20}.Ad-Hoc|x86.ActiveCfg = Release|x86
		{D29B987F-CA4C-439A-A680-D5D3DFDEBC20}.Ad-Hoc|x86.Build.0 = Release|x86
		{D29B987F-CA4C-439A-A680-D5D3DFDEBC20}.Ad-Hoc|x86.Deploy.0 = Release|x86
		{D29B987F-CA4C-439A-A680-D5D3DFDEBC20}.AppStore|Any CPU.ActiveCfg = Release|x86
		{D29B987F-CA4C-439A-A680-D5D3DFDEBC20}.AppStore|Any CPU.Build.0 = Release|x86
		{D29B987F-CA4C-439A-A680-D5D3DFDEBC20}.AppStore|Any CPU.Deploy.0 = Release|x86
		{D29B987F-CA4C-439A-A680-D5D3DFDEBC20}.AppStore|ARM.ActiveCfg = Release|ARM
		{D29B987F-CA4C-439A-A680-D5D3DFDEBC20}.AppStore|ARM.Build.0 = Release|ARM
		{D29B987F-CA4C-439A-A680-D5D3DFDEBC20}.AppStore|ARM.Deploy.0 = Release|ARM
		{D29B987F-CA4C-439A-A680-D5D3DFDEBC20}.AppStore|iPhone.ActiveCfg = Release|x86
		{D29B987F-CA4C-439A-A680-D5D3DFDEBC20}.AppStore|iPhone.Build.0 = Release|x86
		{D29B987F-CA4C-439A-A680-D5D3DFDEBC20}.AppStore|iPhone.Deploy.0 = Release|x86
		{D29B987F-CA4C-439A-A680-D5D3DFDEBC20}.AppStore|iPhoneSimulator.ActiveCfg = Release|x86
		{D29B987F-CA4C-439A-A680-D5D3DFDEBC20}.AppStore|iPhoneSimulator.Build.0 = Release|x86
		{D29B987F-CA4C-439A-A680-D5D3DFDEBC20}.AppStore|iPhoneSimulator.Deploy.0 = Release|x86
		{D29B987F-CA4C-439A-A680-D5D3DFDEBC20}.AppStore|x64.ActiveCfg = Release|x64
		{D29B987F-CA4C-439A-A680-D5D3DFDEBC20}.AppStore|x64.Build.0 = Release|x64
		{D29B987F-CA4C-439A-A680-D5D3DFDEBC20}.AppStore|x64.Deploy.0 = Release|x64
		{D29B987F-CA4C-439A-A680-D5D3DFDEBC20}.AppStore|x86.ActiveCfg = Release|x86
		{D29B987F-CA4C-439A-A680-D5D3DFDEBC20}.AppStore|x86.Build.0 = Release|x86
		{D29B987F-CA4C-439A-A680-D5D3DFDEBC20}.AppStore|x86.Deploy.0 = Release|x86
		{D29B987F-CA4C-439A-A680-D5D3DFDEBC20}.Debug|Any CPU.ActiveCfg = Debug|x86
		{D29B987F-CA4C-439A-A680-D5D3DFDEBC20}.Debug|Any CPU.Build.0 = Debug|x86
		{D29B987F-CA4C-439A-A680-D5D3DFDEBC20}.Debug|Any CPU.Deploy.0 = Debug|x86
		{D29B987F-CA4C-439A-A680-D5D3DFDEBC20}.Debug|ARM.ActiveCfg = Debug|ARM
		{D29B987F-CA4C-439A-A680-D5D3DFDEBC20}.Debug|ARM.Build.0 = Debug|ARM
		{D29B987F-CA4C-439A-A680-D5D3DFDEBC20}.Debug|ARM.Deploy.0 = Debug|ARM
		{D29B987F-CA4C-439A-A680-D5D3DFDEBC20}.Debug|iPhone.ActiveCfg = Debug|x86
		{D29B987F-CA4C-439A-A680-D5D3DFDEBC20}.Debug|iPhone.Build.0 = Debug|x86
		{D29B987F-CA4C-439A-A680-D5D3DFDEBC20}.Debug|iPhone.Deploy.0 = Debug|x86
		{D29B987F-CA4C-439A-A680-D5D3DFDEBC20}.Debug|iPhoneSimulator.ActiveCfg = Debug|x86
		{D29B987F-CA4C-439A-A680-D5D3DFDEBC20}.Debug|iPhoneSimulator.Build.0 = Debug|x86
		{D29B987F-CA4C-439A-A680-D5D3DFDEBC20}.Debug|iPhoneSimulator.Deploy.0 = Debug|x86
		{D29B987F-CA4C-439A-A680-D5D3DFDEBC20}.Debug|x64.ActiveCfg = Debug|x64
		{D29B987F-CA4C-439A-A680-D5D3DFDEBC20}.Debug|x64.Build.0 = Debug|x64
		{D29B987F-CA4C-439A-A680-D5D3DFDEBC20}.Debug|x64.Deploy.0 = Debug|x64
		{D29B987F-CA4C-439A-A680-D5D3DFDEBC20}.Debug|x86.ActiveCfg = Debug|x86
		{D29B987F-CA4C-439A-A680-D5D3DFDEBC20}.Debug|x86.Build.0 = Debug|x86
		{D29B987F-CA4C-439A-A680-D5D3DFDEBC20}.Debug|x86.Deploy.0 = Debug|x86
		{D29B987F-CA4C-439A-A680-D5D3DFDEBC20}.Release|Any CPU.ActiveCfg = Release|x86
		{D29B987F-CA4C-439A-A680-D5D3DFDEBC20}.Release|Any CPU.Build.0 = Release|x86
		{D29B987F-CA4C-439A-A680-D5D3DFDEBC20}.Release|Any CPU.Deploy.0 = Release|x86
		{D29B987F-CA4C-439A-A680-D5D3DFDEBC20}.Release|ARM.ActiveCfg = Release|ARM
		{D29B987F-CA4C-439A-A680-D5D3DFDEBC20}.Release|ARM.Build.0 = Release|ARM
		{D29B987F-CA4C-439A-A680-D5D3DFDEBC20}.Release|ARM.Deploy.0 = Release|ARM
		{D29B987F-CA4C-439A-A680-D5D3DFDEBC20}.Release|iPhone.ActiveCfg = Release|x86
		{D29B987F-CA4C-439A-A680-D5D3DFDEBC20}.Release|iPhone.Build.0 = Release|x86
		{D29B987F-CA4C-439A-A680-D5D3DFDEBC20}.Release|iPhone.Deploy.0 = Release|x86
		{D29B987F-CA4C-439A-A680-D5D3DFDEBC20}.Release|iPhoneSimulator.ActiveCfg = Release|x86
		{D29B987F-CA4C-439A-A680-D5D3DFDEBC20}.Release|iPhoneSimulator.Build.0 = Release|x86
		{D29B987F-CA4C-439A-A680-D5D3DFDEBC20}.Release|iPhoneSimulator.Deploy.0 = Release|x86
		{D29B987F-CA4C-439A-A680-D5D3DFDEBC20}.Release|x64.ActiveCfg = Release|x64
		{D29B987F-CA4C-439A-A680-D5D3DFDEBC20}.Release|x64.Build.0 = Release|x64
		{D29B987F-CA4C-439A-A680-D5D3DFDEBC20}.Release|x64.Deploy.0 = Release|x64
		{D29B987F-CA4C-439A-A680-D5D3DFDEBC20}.Release|x86.ActiveCfg = Release|x86
		{D29B987F-CA4C-439A-A680-D5D3DFDEBC20}.Release|x86.Build.0 = Release|x86
		{D29B987F-CA4C-439A-A680-D5D3DFDEBC20}.Release|x86.Deploy.0 = Release|x86
		{E5AE5DF4-E934-4B8D-8224-A4A6E1EBBD82}.Ad-Hoc|Any CPU.ActiveCfg = Debug|Any CPU
		{E5AE5DF4-E934-4B8D-8224-A4A6E1EBBD82}.Ad-Hoc|Any CPU.Build.0 = Debug|Any CPU
		{E5AE5DF4-E934-4B8D-8224-A4A6E1EBBD82}.Ad-Hoc|Any CPU.Deploy.0 = Debug|Any CPU
		{E5AE5DF4-E934-4B8D-8224-A4A6E1EBBD82}.Ad-Hoc|ARM.ActiveCfg = Debug|Any CPU
		{E5AE5DF4-E934-4B8D-8224-A4A6E1EBBD82}.Ad-Hoc|ARM.Build.0 = Debug|Any CPU
		{E5AE5DF4-E934-4B8D-8224-A4A6E1EBBD82}.Ad-Hoc|ARM.Deploy.0 = Debug|Any CPU
		{E5AE5DF4-E934-4B8D-8224-A4A6E1EBBD82}.Ad-Hoc|iPhone.ActiveCfg = Debug|Any CPU
		{E5AE5DF4-E934-4B8D-8224-A4A6E1EBBD82}.Ad-Hoc|iPhone.Build.0 = Debug|Any CPU
		{E5AE5DF4-E934-4B8D-8224-A4A6E1EBBD82}.Ad-Hoc|iPhone.Deploy.0 = Debug|Any CPU
		{E5AE5DF4-E934-4B8D-8224-A4A6E1EBBD82}.Ad-Hoc|iPhoneSimulator.ActiveCfg = Debug|Any CPU
		{E5AE5DF4-E934-4B8D-8224-A4A6E1EBBD82}.Ad-Hoc|iPhoneSimulator.Build.0 = Debug|Any CPU
		{E5AE5DF4-E934-4B8D-8224-A4A6E1EBBD82}.Ad-Hoc|iPhoneSimulator.Deploy.0 = Debug|Any CPU
		{E5AE5DF4-E934-4B8D-8224-A4A6E1EBBD82}.Ad-Hoc|x64.ActiveCfg = Debug|Any CPU
		{E5AE5DF4-E934-4B8D-8224-A4A6E1EBBD82}.Ad-Hoc|x64.Build.0 = Debug|Any CPU
		{E5AE5DF4-E934-4B8D-8224-A4A6E1EBBD82}.Ad-Hoc|x64.Deploy.0 = Debug|Any CPU
		{E5AE5DF4-E934-4B8D-8224-A4A6E1EBBD82}.Ad-Hoc|x86.ActiveCfg = Debug|Any CPU
		{E5AE5DF4-E934-4B8D-8224-A4A6E1EBBD82}.Ad-Hoc|x86.Build.0 = Debug|Any CPU
		{E5AE5DF4-E934-4B8D-8224-A4A6E1EBBD82}.Ad-Hoc|x86.Deploy.0 = Debug|Any CPU
		{E5AE5DF4-E934-4B8D-8224-A4A6E1EBBD82}.AppStore|Any CPU.ActiveCfg = Debug|Any CPU
		{E5AE5DF4-E934-4B8D-8224-A4A6E1EBBD82}.AppStore|Any CPU.Build.0 = Debug|Any CPU
		{E5AE5DF4-E934-4B8D-8224-A4A6E1EBBD82}.AppStore|Any CPU.Deploy.0 = Debug|Any CPU
		{E5AE5DF4-E934-4B8D-8224-A4A6E1EBBD82}.AppStore|ARM.ActiveCfg = Debug|Any CPU
		{E5AE5DF4-E934-4B8D-8224-A4A6E1EBBD82}.AppStore|ARM.Build.0 = Debug|Any CPU
		{E5AE5DF4-E934-4B8D-8224-A4A6E1EBBD82}.AppStore|ARM.Deploy.0 = Debug|Any CPU
		{E5AE5DF4-E934-4B8D-8224-A4A6E1EBBD82}.AppStore|iPhone.ActiveCfg = Debug|Any CPU
		{E5AE5DF4-E934-4B8D-8224-A4A6E1EBBD82}.AppStore|iPhone.Build.0 = Debug|Any CPU
		{E5AE5DF4-E934-4B8D-8224-A4A6E1EBBD82}.AppStore|iPhone.Deploy.0 = Debug|Any CPU
		{E5AE5DF4-E934-4B8D-8224-A4A6E1EBBD82}.AppStore|iPhoneSimulator.ActiveCfg = Debug|Any CPU
		{E5AE5DF4-E934-4B8D-8224-A4A6E1EBBD82}.AppStore|iPhoneSimulator.Build.0 = Debug|Any CPU
		{E5AE5DF4-E934-4B8D-8224-A4A6E1EBBD82}.AppStore|iPhoneSimulator.Deploy.0 = Debug|Any CPU
		{E5AE5DF4-E934-4B8D-8224-A4A6E1EBBD82}.AppStore|x64.ActiveCfg = Debug|Any CPU
		{E5AE5DF4-E934-4B8D-8224-A4A6E1EBBD82}.AppStore|x64.Build.0 = Debug|Any CPU
		{E5AE5DF4-E934-4B8D-8224-A4A6E1EBBD82}.AppStore|x64.Deploy.0 = Debug|Any CPU
		{E5AE5DF4-E934-4B8D-8224-A4A6E1EBBD82}.AppStore|x86.ActiveCfg = Debug|Any CPU
		{E5AE5DF4-E934-4B8D-8224-A4A6E1EBBD82}.AppStore|x86.Build.0 = Debug|Any CPU
		{E5AE5DF4-E934-4B8D-8224-A4A6E1EBBD82}.AppStore|x86.Deploy.0 = Debug|Any CPU
		{E5AE5DF4-E934-4B8D-8224-A4A6E1EBBD82}.Debug|Any CPU.ActiveCfg = Debug|Any CPU
		{E5AE5DF4-E934-4B8D-8224-A4A6E1EBBD82}.Debug|Any CPU.Build.0 = Debug|Any CPU
		{E5AE5DF4-E934-4B8D-8224-A4A6E1EBBD82}.Debug|Any CPU.Deploy.0 = Debug|Any CPU
		{E5AE5DF4-E934-4B8D-8224-A4A6E1EBBD82}.Debug|ARM.ActiveCfg = Debug|Any CPU
		{E5AE5DF4-E934-4B8D-8224-A4A6E1EBBD82}.Debug|ARM.Build.0 = Debug|Any CPU
		{E5AE5DF4-E934-4B8D-8224-A4A6E1EBBD82}.Debug|ARM.Deploy.0 = Debug|Any CPU
		{E5AE5DF4-E934-4B8D-8224-A4A6E1EBBD82}.Debug|iPhone.ActiveCfg = Debug|Any CPU
		{E5AE5DF4-E934-4B8D-8224-A4A6E1EBBD82}.Debug|iPhone.Build.0 = Debug|Any CPU
		{E5AE5DF4-E934-4B8D-8224-A4A6E1EBBD82}.Debug|iPhone.Deploy.0 = Debug|Any CPU
		{E5AE5DF4-E934-4B8D-8224-A4A6E1EBBD82}.Debug|iPhoneSimulator.ActiveCfg = Debug|Any CPU
		{E5AE5DF4-E934-4B8D-8224-A4A6E1EBBD82}.Debug|iPhoneSimulator.Build.0 = Debug|Any CPU
		{E5AE5DF4-E934-4B8D-8224-A4A6E1EBBD82}.Debug|iPhoneSimulator.Deploy.0 = Debug|Any CPU
		{E5AE5DF4-E934-4B8D-8224-A4A6E1EBBD82}.Debug|x64.ActiveCfg = Debug|Any CPU
		{E5AE5DF4-E934-4B8D-8224-A4A6E1EBBD82}.Debug|x64.Build.0 = Debug|Any CPU
		{E5AE5DF4-E934-4B8D-8224-A4A6E1EBBD82}.Debug|x64.Deploy.0 = Debug|Any CPU
		{E5AE5DF4-E934-4B8D-8224-A4A6E1EBBD82}.Debug|x86.ActiveCfg = Debug|Any CPU
		{E5AE5DF4-E934-4B8D-8224-A4A6E1EBBD82}.Debug|x86.Build.0 = Debug|Any CPU
		{E5AE5DF4-E934-4B8D-8224-A4A6E1EBBD82}.Debug|x86.Deploy.0 = Debug|Any CPU
		{E5AE5DF4-E934-4B8D-8224-A4A6E1EBBD82}.Release|Any CPU.ActiveCfg = Release|Any CPU
		{E5AE5DF4-E934-4B8D-8224-A4A6E1EBBD82}.Release|Any CPU.Build.0 = Release|Any CPU
		{E5AE5DF4-E934-4B8D-8224-A4A6E1EBBD82}.Release|Any CPU.Deploy.0 = Release|Any CPU
		{E5AE5DF4-E934-4B8D-8224-A4A6E1EBBD82}.Release|ARM.ActiveCfg = Release|Any CPU
		{E5AE5DF4-E934-4B8D-8224-A4A6E1EBBD82}.Release|ARM.Build.0 = Release|Any CPU
		{E5AE5DF4-E934-4B8D-8224-A4A6E1EBBD82}.Release|ARM.Deploy.0 = Release|Any CPU
		{E5AE5DF4-E934-4B8D-8224-A4A6E1EBBD82}.Release|iPhone.ActiveCfg = Release|Any CPU
		{E5AE5DF4-E934-4B8D-8224-A4A6E1EBBD82}.Release|iPhone.Build.0 = Release|Any CPU
		{E5AE5DF4-E934-4B8D-8224-A4A6E1EBBD82}.Release|iPhone.Deploy.0 = Release|Any CPU
		{E5AE5DF4-E934-4B8D-8224-A4A6E1EBBD82}.Release|iPhoneSimulator.ActiveCfg = Release|Any CPU
		{E5AE5DF4-E934-4B8D-8224-A4A6E1EBBD82}.Release|iPhoneSimulator.Build.0 = Release|Any CPU
		{E5AE5DF4-E934-4B8D-8224-A4A6E1EBBD82}.Release|iPhoneSimulator.Deploy.0 = Release|Any CPU
		{E5AE5DF4-E934-4B8D-8224-A4A6E1EBBD82}.Release|x64.ActiveCfg = Release|Any CPU
		{E5AE5DF4-E934-4B8D-8224-A4A6E1EBBD82}.Release|x64.Build.0 = Release|Any CPU
		{E5AE5DF4-E934-4B8D-8224-A4A6E1EBBD82}.Release|x64.Deploy.0 = Release|Any CPU
		{E5AE5DF4-E934-4B8D-8224-A4A6E1EBBD82}.Release|x86.ActiveCfg = Release|Any CPU
		{E5AE5DF4-E934-4B8D-8224-A4A6E1EBBD82}.Release|x86.Build.0 = Release|Any CPU
		{E5AE5DF4-E934-4B8D-8224-A4A6E1EBBD82}.Release|x86.Deploy.0 = Release|Any CPU
	EndGlobalSection
	GlobalSection(SolutionProperties) = preSolution
		HideSolutionNode = FALSE
	EndGlobalSection
	GlobalSection(ExtensibilityGlobals) = postSolution
		SolutionGuid = {A44F88C3-2506-458D-A21A-A753174542FF}
	EndGlobalSection
EndGlobal
